
Microsoft Visual Studio Solution File, Format Version 12.00
# Visual Studio 15
Project("{FAE04EC0-301F-11D3-BF4B-00C04F79EFBC}") = "Assembly-CSharp", "Assembly-CSharp.csproj", "{DAA381CA-AC6D-04B0-B530-0B2AB9854A17}"
EndProject
Project("{FAE04EC0-301F-11D3-BF4B-00C04F79EFBC}") = "Assembly-CSharp-Editor", "Assembly-CSharp-Editor.csproj", "{58A6E053-B5BC-3BD2-9ACA-12C7B44C2406}"
EndProject
Global
	GlobalSection(SolutionConfigurationPlatforms) = preSolution
		Debug|Any CPU = Debug|Any CPU
		Release|Any CPU = Release|Any CPU
	EndGlobalSection
	GlobalSection(ProjectConfigurationPlatforms) = postSolution
		{DAA381CA-AC6D-04B0-B530-0B2AB9854A17}.Debug|Any CPU.ActiveCfg = Debug|Any CPU
		{DAA381CA-AC6D-04B0-B530-0B2AB9854A17}.Debug|Any CPU.Build.0 = Debug|Any CPU
		{DAA381CA-AC6D-04B0-B530-0B2AB9854A17}.Release|Any CPU.ActiveCfg = Release|Any CPU
		{DAA381CA-AC6D-04B0-B530-0B2AB9854A17}.Release|Any CPU.Build.0 = Release|Any CPU
		{58A6E053-B5BC-3BD2-9ACA-12C7B44C2406}.Debug|Any CPU.ActiveCfg = Debug|Any CPU
		{58A6E053-B5BC-3BD2-9ACA-12C7B44C2406}.Debug|Any CPU.Build.0 = Debug|Any CPU
		{58A6E053-B5BC-3BD2-9ACA-12C7B44C2406}.Release|Any CPU.ActiveCfg = Release|Any CPU
		{58A6E053-B5BC-3BD2-9ACA-12C7B44C2406}.Release|Any CPU.Build.0 = Release|Any CPU
	EndGlobalSection
	GlobalSection(SolutionProperties) = preSolution
		HideSolutionNode = FALSE
	EndGlobalSection
EndGlobal
